# This file is automatically @generated by Cargo.
# It is not intended for manual editing.
version = 3

[[package]]
name = "cyrene-acp"
version = "0.1.0"

[[package]]
name = "cyrene-bridge"
version = "0.1.0"

[[package]]
name = "cyrene-channels"
version = "0.1.0"

[[package]]
name = "cyrene-cli"
version = "0.1.0"

[[package]]
name = "cyrene-compress"
version = "0.1.0"

[[package]]
name = "cyrene-config"
version = "0.1.0"

[[package]]
name = "cyrene-core"
version = "0.1.0"

[[package]]
name = "cyrene-dashboard"
version = "0.1.0"

[[package]]
name = "cyrene-events"
version = "0.1.0"

[[package]]
name = "cyrene-hub"
version = "0.1.0"

[[package]]
name = "cyrene-ledger"
version = "0.1.0"

[[package]]
name = "cyrene-memory"
version = "0.1.0"

[[package]]
name = "cyrene-models"
version = "0.1.0"

[[package]]
name = "cyrene-presence"
version = "0.1.0"

[[package]]
name = "cyrene-render"
version = "0.1.0"

[[package]]
name = "cyrene-runtime"
version = "0.1.0"

[[package]]
name = "cyrene-safety"
version = "0.1.0"

[[package]]
name = "cyrene-skills"
version = "0.1.0"

[[package]]
name = "cyrene-state"
version = "0.1.0"

[[package]]
name = "cyrene-trajectory"
version = "0.1.0"
